type: "object"
additionalProperties: false
minProperties: 9
required:
  - "timestamp"
  - "producer"
  - "confirmed"
  - "previous"
  - "transaction_mroot"
  - "action_mroot"
  - "schedule_version"
  - "new_producers"
  - "producer_signature"
properties:
  timestamp:
    $ref: "DateTimeSeconds.yaml"
  producer:
    oneOf:
      - $ref: "EmptyString.yaml"
      - $ref: "Name.yaml"
  confirmed:
    description: "number of prior blocks confirmed by this block producer in current schedule"
    type: "integer"
  previous:
    $ref: "Sha256.yaml"
  transaction_mroot:
    $ref: "Sha256.yaml"
  action_mroot:
    $ref: "Sha256.yaml"
  schedule_version:
    description: "number of times producer schedule has changed since genesis"
    type: "integer"
  new_producers:
    $ref: "ProducerSchedule.yaml"
  header_extensions:
    $ref: "Extension.yaml"
  new_protocol_features:
    description: "list of new protocol features"
    type: "array"
    items:
      type: "object"
  producer_signature:
    $ref: "Signature.yaml"
  transactions:
    description: "list of valid transaction receipts included in block"
    type: "array"
    items:
      $ref: "TransactionReceipt.yaml"
  block_extensions:
    $ref: "Extension.yaml"
  id:
    $ref: "Sha256.yaml"
  block_num:
    description: "height of this block in the chain"
    type: "integer"
  ref_block_prefix:
    description: "32-bit portion of block ID"
    type: "integer"
title: "Block"
